
Microsoft Visual Studio Solution File, Format Version 12.00
# Visual Studio Version 16
VisualStudioVersion = 16.0.30907.101
MinimumVisualStudioVersion = 10.0.40219.1
Project("{FAE04EC0-301F-11D3-BF4B-00C04F79EFBC}") = "All even number", "All even number\All even number.csproj", "{FE32FD70-C653-4608-BEE5-F24E4B43BF3F}"
EndProject
Global
	GlobalSection(SolutionConfigurationPlatforms) = preSolution
		Debug|Any CPU = Debug|Any CPU
		Release|Any CPU = Release|Any CPU
	EndGlobalSection
	GlobalSection(ProjectConfigurationPlatforms) = postSolution
		{FE32FD70-C653-4608-BEE5-F24E4B43BF3F}.Debug|Any CPU.ActiveCfg = Debug|Any CPU
		{FE32FD70-C653-4608-BEE5-F24E4B43BF3F}.Debug|Any CPU.Build.0 = Debug|Any CPU
		{FE32FD70-C653-4608-BEE5-F24E4B43BF3F}.Release|Any CPU.ActiveCfg = Release|Any CPU
		{FE32FD70-C653-4608-BEE5-F24E4B43BF3F}.Release|Any CPU.Build.0 = Release|Any CPU
	EndGlobalSection
	GlobalSection(SolutionProperties) = preSolution
		HideSolutionNode = FALSE
	EndGlobalSection
	GlobalSection(ExtensibilityGlobals) = postSolution
		SolutionGuid = {065D990D-AD57-4665-8A68-B7E92C108D67}
	EndGlobalSection
EndGlobal
