
Microsoft Visual Studio Solution File, Format Version 12.00
# Visual Studio Version 16
VisualStudioVersion = 16.0.30907.101
MinimumVisualStudioVersion = 10.0.40219.1
Project("{FAE04EC0-301F-11D3-BF4B-00C04F79EFBC}") = "hello", "hello\hello.csproj", "{B47359DC-9318-4E93-8840-55FB1BC58F86}"
EndProject
Global
	GlobalSection(SolutionConfigurationPlatforms) = preSolution
		Debug|Any CPU = Debug|Any CPU
		Release|Any CPU = Release|Any CPU
	EndGlobalSection
	GlobalSection(ProjectConfigurationPlatforms) = postSolution
		{B47359DC-9318-4E93-8840-55FB1BC58F86}.Debug|Any CPU.ActiveCfg = Debug|Any CPU
		{B47359DC-9318-4E93-8840-55FB1BC58F86}.Debug|Any CPU.Build.0 = Debug|Any CPU
		{B47359DC-9318-4E93-8840-55FB1BC58F86}.Release|Any CPU.ActiveCfg = Release|Any CPU
		{B47359DC-9318-4E93-8840-55FB1BC58F86}.Release|Any CPU.Build.0 = Release|Any CPU
	EndGlobalSection
	GlobalSection(SolutionProperties) = preSolution
		HideSolutionNode = FALSE
	EndGlobalSection
	GlobalSection(ExtensibilityGlobals) = postSolution
		SolutionGuid = {B9206EED-81EB-40F6-8BC3-4684245AA2BF}
	EndGlobalSection
EndGlobal
