
Microsoft Visual Studio Solution File, Format Version 12.00
# Visual Studio Version 16
VisualStudioVersion = 16.0.30907.101
MinimumVisualStudioVersion = 10.0.40219.1
Project("{FAE04EC0-301F-11D3-BF4B-00C04F79EFBC}") = "five subject", "five subject\five subject.csproj", "{1BC5FD48-E663-4958-9601-C35AC150753C}"
EndProject
Global
	GlobalSection(SolutionConfigurationPlatforms) = preSolution
		Debug|Any CPU = Debug|Any CPU
		Release|Any CPU = Release|Any CPU
	EndGlobalSection
	GlobalSection(ProjectConfigurationPlatforms) = postSolution
		{1BC5FD48-E663-4958-9601-C35AC150753C}.Debug|Any CPU.ActiveCfg = Debug|Any CPU
		{1BC5FD48-E663-4958-9601-C35AC150753C}.Debug|Any CPU.Build.0 = Debug|Any CPU
		{1BC5FD48-E663-4958-9601-C35AC150753C}.Release|Any CPU.ActiveCfg = Release|Any CPU
		{1BC5FD48-E663-4958-9601-C35AC150753C}.Release|Any CPU.Build.0 = Release|Any CPU
	EndGlobalSection
	GlobalSection(SolutionProperties) = preSolution
		HideSolutionNode = FALSE
	EndGlobalSection
	GlobalSection(ExtensibilityGlobals) = postSolution
		SolutionGuid = {C4162E4E-01F4-4C06-A67A-0C541A280E76}
	EndGlobalSection
EndGlobal
